
Microsoft Visual Studio Solution File, Format Version 12.00
Project("{FAE04EC0-301F-11D3-BF4B-00C04F79EFBC}") = "Clinic.Mvc", "Clinic.Mvc\Clinic.Mvc.csproj", "{514E99C3-B246-44D1-8450-8427AEEBA9D3}"
EndProject
Project("{FAE04EC0-301F-11D3-BF4B-00C04F79EFBC}") = "Clinic.Application", "Clinic.Application\Clinic.Application.csproj", "{E0AA22B4-E20B-4E02-ADC5-68D680989D37}"
EndProject
Project("{FAE04EC0-301F-11D3-BF4B-00C04F79EFBC}") = "Clinic.Domain", "Clinic.Domain\Clinic.Domain.csproj", "{780EA03F-AA25-4DC0-8C39-672CB598038F}"
EndProject
Project("{FAE04EC0-301F-11D3-BF4B-00C04F79EFBC}") = "Clinic.Infrastructure", "Clinic.Infrastructure\Clinic.Infrastructure.csproj", "{FE2F8612-F364-44BD-AE08-88374F2CF092}"
EndProject
Global
	GlobalSection(SolutionConfigurationPlatforms) = preSolution
		Debug|Any CPU = Debug|Any CPU
		Release|Any CPU = Release|Any CPU
	EndGlobalSection
	GlobalSection(ProjectConfigurationPlatforms) = postSolution
		{514E99C3-B246-44D1-8450-8427AEEBA9D3}.Debug|Any CPU.ActiveCfg = Debug|Any CPU
		{514E99C3-B246-44D1-8450-8427AEEBA9D3}.Debug|Any CPU.Build.0 = Debug|Any CPU
		{514E99C3-B246-44D1-8450-8427AEEBA9D3}.Release|Any CPU.ActiveCfg = Release|Any CPU
		{514E99C3-B246-44D1-8450-8427AEEBA9D3}.Release|Any CPU.Build.0 = Release|Any CPU
		{E0AA22B4-E20B-4E02-ADC5-68D680989D37}.Debug|Any CPU.ActiveCfg = Debug|Any CPU
		{E0AA22B4-E20B-4E02-ADC5-68D680989D37}.Debug|Any CPU.Build.0 = Debug|Any CPU
		{E0AA22B4-E20B-4E02-ADC5-68D680989D37}.Release|Any CPU.ActiveCfg = Release|Any CPU
		{E0AA22B4-E20B-4E02-ADC5-68D680989D37}.Release|Any CPU.Build.0 = Release|Any CPU
		{780EA03F-AA25-4DC0-8C39-672CB598038F}.Debug|Any CPU.ActiveCfg = Debug|Any CPU
		{780EA03F-AA25-4DC0-8C39-672CB598038F}.Debug|Any CPU.Build.0 = Debug|Any CPU
		{780EA03F-AA25-4DC0-8C39-672CB598038F}.Release|Any CPU.ActiveCfg = Release|Any CPU
		{780EA03F-AA25-4DC0-8C39-672CB598038F}.Release|Any CPU.Build.0 = Release|Any CPU
		{FE2F8612-F364-44BD-AE08-88374F2CF092}.Debug|Any CPU.ActiveCfg = Debug|Any CPU
		{FE2F8612-F364-44BD-AE08-88374F2CF092}.Debug|Any CPU.Build.0 = Debug|Any CPU
		{FE2F8612-F364-44BD-AE08-88374F2CF092}.Release|Any CPU.ActiveCfg = Release|Any CPU
		{FE2F8612-F364-44BD-AE08-88374F2CF092}.Release|Any CPU.Build.0 = Release|Any CPU
	EndGlobalSection
EndGlobal
