
Microsoft Visual Studio Solution File, Format Version 12.00
# Visual Studio Version 17
VisualStudioVersion = 17.14.36203.30 d17.14
MinimumVisualStudioVersion = 10.0.40219.1
Project("{FAE04EC0-301F-11D3-BF4B-00C04F79EFBC}") = "Clinic-Management-System", "Clinic-Management-System\Clinic-Management-System.csproj", "{8A569BB0-9506-49EE-B4FA-89AC43057BD3}"
EndProject
Project("{FAE04EC0-301F-11D3-BF4B-00C04F79EFBC}") = "Data", "Data\Data.csproj", "{2B9987B1-19A9-4CF0-B609-17B689021D10}"
EndProject
Project("{FAE04EC0-301F-11D3-BF4B-00C04F79EFBC}") = "Models", "Models\Models.csproj", "{DE0CC700-18F6-4941-A1F2-95D27606A1CD}"
EndProject
Project("{FAE04EC0-301F-11D3-BF4B-00C04F79EFBC}") = "BLL", "BLL\BLL.csproj", "{1E28C458-CCD8-4E51-B400-0DC37EFF1FEA}"
EndProject
Global
	GlobalSection(SolutionConfigurationPlatforms) = preSolution
		Debug|Any CPU = Debug|Any CPU
		Release|Any CPU = Release|Any CPU
	EndGlobalSection
	GlobalSection(ProjectConfigurationPlatforms) = postSolution
		{8A569BB0-9506-49EE-B4FA-89AC43057BD3}.Debug|Any CPU.ActiveCfg = Debug|Any CPU
		{8A569BB0-9506-49EE-B4FA-89AC43057BD3}.Debug|Any CPU.Build.0 = Debug|Any CPU
		{8A569BB0-9506-49EE-B4FA-89AC43057BD3}.Release|Any CPU.ActiveCfg = Release|Any CPU
		{8A569BB0-9506-49EE-B4FA-89AC43057BD3}.Release|Any CPU.Build.0 = Release|Any CPU
		{2B9987B1-19A9-4CF0-B609-17B689021D10}.Debug|Any CPU.ActiveCfg = Debug|Any CPU
		{2B9987B1-19A9-4CF0-B609-17B689021D10}.Debug|Any CPU.Build.0 = Debug|Any CPU
		{2B9987B1-19A9-4CF0-B609-17B689021D10}.Release|Any CPU.ActiveCfg = Release|Any CPU
		{2B9987B1-19A9-4CF0-B609-17B689021D10}.Release|Any CPU.Build.0 = Release|Any CPU
		{DE0CC700-18F6-4941-A1F2-95D27606A1CD}.Debug|Any CPU.ActiveCfg = Debug|Any CPU
		{DE0CC700-18F6-4941-A1F2-95D27606A1CD}.Debug|Any CPU.Build.0 = Debug|Any CPU
		{DE0CC700-18F6-4941-A1F2-95D27606A1CD}.Release|Any CPU.ActiveCfg = Release|Any CPU
		{DE0CC700-18F6-4941-A1F2-95D27606A1CD}.Release|Any CPU.Build.0 = Release|Any CPU
		{1E28C458-CCD8-4E51-B400-0DC37EFF1FEA}.Debug|Any CPU.ActiveCfg = Debug|Any CPU
		{1E28C458-CCD8-4E51-B400-0DC37EFF1FEA}.Debug|Any CPU.Build.0 = Debug|Any CPU
		{1E28C458-CCD8-4E51-B400-0DC37EFF1FEA}.Release|Any CPU.ActiveCfg = Release|Any CPU
		{1E28C458-CCD8-4E51-B400-0DC37EFF1FEA}.Release|Any CPU.Build.0 = Release|Any CPU
	EndGlobalSection
	GlobalSection(SolutionProperties) = preSolution
		HideSolutionNode = FALSE
	EndGlobalSection
	GlobalSection(ExtensibilityGlobals) = postSolution
		SolutionGuid = {FB2F0327-5918-4A33-A1EC-7F781729F726}
	EndGlobalSection
EndGlobal
